// !$*UTF8*$!
{
	archiveVersion = 1;
	classes = {
	};
	objectVersion = 51;
	objects = {

/* Begin PBXBuildFile section */
		0814A75E26EF863B0017D381 /* AppDelegate.swift in Sources */ = {isa = PBXBuildFile; fileRef = 0814A75D26EF863B0017D381 /* AppDelegate.swift */; };
		0814A76226EF863B0017D381 /* ViewController.swift in Sources */ = {isa = PBXBuildFile; fileRef = 0814A76126EF863B0017D381 /* ViewController.swift */; };
		0814A76726EF863C0017D381 /* Assets.xcassets in Resources */ = {isa = PBXBuildFile; fileRef = 0814A76626EF863C0017D381 /* Assets.xcassets */; };
		0814A76A26EF863C0017D381 /* LaunchScreen.storyboard in Resources */ = {isa = PBXBuildFile; fileRef = 0814A76826EF863C0017D381 /* LaunchScreen.storyboard */; };
		0814A77A26EF86520017D381 /* UserData.swift in Sources */ = {isa = PBXBuildFile; fileRef = 0814A77226EF86520017D381 /* UserData.swift */; };
		0814A77B26EF86520017D381 /* FeedData.swift in Sources */ = {isa = PBXBuildFile; fileRef = 0814A77326EF86520017D381 /* FeedData.swift */; };
		0814A77C26EF86520017D381 /* ActivityData.swift in Sources */ = {isa = PBXBuildFile; fileRef = 0814A77426EF86520017D381 /* ActivityData.swift */; };
		0814A77D26EF86520017D381 /* SimpleCameraProtocol.swift in Sources */ = {isa = PBXBuildFile; fileRef = 0814A77726EF86520017D381 /* SimpleCameraProtocol.swift */; };
		0814A77E26EF86520017D381 /* SimpleCameraView.swift in Sources */ = {isa = PBXBuildFile; fileRef = 0814A77826EF86520017D381 /* SimpleCameraView.swift */; };
		0814A77F26EF86520017D381 /* SimpleCamera.swift in Sources */ = {isa = PBXBuildFile; fileRef = 0814A77926EF86520017D381 /* SimpleCamera.swift */; };
		0814A78226EF87990017D381 /* Home.storyboard in Resources */ = {isa = PBXBuildFile; fileRef = 0814A78126EF87990017D381 /* Home.storyboard */; };
		0814A78426EF87B40017D381 /* Search.storyboard in Resources */ = {isa = PBXBuildFile; fileRef = 0814A78326EF87B40017D381 /* Search.storyboard */; };
		0814A78A26EF87E40017D381 /* Activity.storyboard in Resources */ = {isa = PBXBuildFile; fileRef = 0814A78926EF87E40017D381 /* Activity.storyboard */; };
		0814A78D26EF88310017D381 /* HomeViewController.swift in Sources */ = {isa = PBXBuildFile; fileRef = 0814A78C26EF88310017D381 /* HomeViewController.swift */; };
		0814A78F26EF88400017D381 /* SearchViewController.swift in Sources */ = {isa = PBXBuildFile; fileRef = 0814A78E26EF88400017D381 /* SearchViewController.swift */; };
		0814A79126EF884C0017D381 /* NewPostViewController.swift in Sources */ = {isa = PBXBuildFile; fileRef = 0814A79026EF884C0017D381 /* NewPostViewController.swift */; };
		0814A79326EF88560017D381 /* ProfileViewController.swift in Sources */ = {isa = PBXBuildFile; fileRef = 0814A79226EF88560017D381 /* ProfileViewController.swift */; };
		0814A79526EF88610017D381 /* ActivityViewController.swift in Sources */ = {isa = PBXBuildFile; fileRef = 0814A79426EF88610017D381 /* ActivityViewController.swift */; };
		082AB72A26F33C4200223945 /* PhotoCollectionViewCell.swift in Sources */ = {isa = PBXBuildFile; fileRef = 082AB72926F33C4200223945 /* PhotoCollectionViewCell.swift */; };
		082AB72C26F34A2100223945 /* CustomSegmentedControl.swift in Sources */ = {isa = PBXBuildFile; fileRef = 082AB72B26F34A2100223945 /* CustomSegmentedControl.swift */; };
		082AB72F26F3544F00223945 /* ActivityTableViewCell.swift in Sources */ = {isa = PBXBuildFile; fileRef = 082AB72D26F3544F00223945 /* ActivityTableViewCell.swift */; };
		082AB73026F3544F00223945 /* ActivityTableViewCell.xib in Resources */ = {isa = PBXBuildFile; fileRef = 082AB72E26F3544F00223945 /* ActivityTableViewCell.xib */; };
		082AB73426F3726000223945 /* ActivityView.swift in Sources */ = {isa = PBXBuildFile; fileRef = 082AB73326F3726000223945 /* ActivityView.swift */; };
		082AB73626F3727200223945 /* ActivityView.xib in Resources */ = {isa = PBXBuildFile; fileRef = 082AB73526F3727200223945 /* ActivityView.xib */; };
		082AB73826F39CBD00223945 /* GoogleService-Info.plist in Resources */ = {isa = PBXBuildFile; fileRef = 082AB73726F39CBD00223945 /* GoogleService-Info.plist */; };
		082AB73A26F3B28200223945 /* Profile.storyboard in Resources */ = {isa = PBXBuildFile; fileRef = 082AB73926F3B28200223945 /* Profile.storyboard */; };
		082AB73D26F3B38F00223945 /* ProfileHeaderTableViewCell.swift in Sources */ = {isa = PBXBuildFile; fileRef = 082AB73B26F3B38F00223945 /* ProfileHeaderTableViewCell.swift */; };
		082AB73E26F3B38F00223945 /* ProfileViewStyleTableViewCell.swift in Sources */ = {isa = PBXBuildFile; fileRef = 082AB73C26F3B38F00223945 /* ProfileViewStyleTableViewCell.swift */; };
		082AB74026F3C7CC00223945 /* Helper.swift in Sources */ = {isa = PBXBuildFile; fileRef = 082AB73F26F3C7CC00223945 /* Helper.swift */; };
		082AB74226F3C8DB00223945 /* Extension.swift in Sources */ = {isa = PBXBuildFile; fileRef = 082AB74126F3C8DB00223945 /* Extension.swift */; };
		082AB74526F489CC00223945 /* LoginViewController.swift in Sources */ = {isa = PBXBuildFile; fileRef = 082AB74326F489CB00223945 /* LoginViewController.swift */; };
		082AB74626F489CC00223945 /* SignupViewController.swift in Sources */ = {isa = PBXBuildFile; fileRef = 082AB74426F489CC00223945 /* SignupViewController.swift */; };
		082AB74926F48A9400223945 /* AnimatedGradient.swift in Sources */ = {isa = PBXBuildFile; fileRef = 082AB74726F48A9400223945 /* AnimatedGradient.swift */; };
		082AB74A26F48A9400223945 /* Protocols.swift in Sources */ = {isa = PBXBuildFile; fileRef = 082AB74826F48A9400223945 /* Protocols.swift */; };
		082AB74C26F48B0B00223945 /* Login.storyboard in Resources */ = {isa = PBXBuildFile; fileRef = 082AB74B26F48B0B00223945 /* Login.storyboard */; };
		08421D4A26F5B83D005700D4 /* NewPostPageViewController.swift in Sources */ = {isa = PBXBuildFile; fileRef = 08421D4926F5B83D005700D4 /* NewPostPageViewController.swift */; };
		08421D4C26F5B8D0005700D4 /* CreatePostViewController.swift in Sources */ = {isa = PBXBuildFile; fileRef = 08421D4B26F5B8D0005700D4 /* CreatePostViewController.swift */; };
		08421D4E26F5BAF3005700D4 /* NewPost.storyboard in Resources */ = {isa = PBXBuildFile; fileRef = 08421D4D26F5BAF3005700D4 /* NewPost.storyboard */; };
		08421D5026F6FFF1005700D4 /* LikesModel.swift in Sources */ = {isa = PBXBuildFile; fileRef = 08421D4F26F6FFF1005700D4 /* LikesModel.swift */; };
		08910BDC26EFA8D800F18DAB /* StoriesTableViewCell.swift in Sources */ = {isa = PBXBuildFile; fileRef = 08910BDA26EFA8D800F18DAB /* StoriesTableViewCell.swift */; };
		08910BDD26EFA8D800F18DAB /* StoriesTableViewCell.xib in Resources */ = {isa = PBXBuildFile; fileRef = 08910BDB26EFA8D800F18DAB /* StoriesTableViewCell.xib */; };
		08910BE026EFAA9600F18DAB /* StoryCollectionViewCell.swift in Sources */ = {isa = PBXBuildFile; fileRef = 08910BDE26EFAA9600F18DAB /* StoryCollectionViewCell.swift */; };
		08910BE126EFAA9600F18DAB /* StoryCollectionViewCell.xib in Resources */ = {isa = PBXBuildFile; fileRef = 08910BDF26EFAA9600F18DAB /* StoryCollectionViewCell.xib */; };
		08910BE426F07B3100F18DAB /* FeedTableViewCell.swift in Sources */ = {isa = PBXBuildFile; fileRef = 08910BE226F07B3100F18DAB /* FeedTableViewCell.swift */; };
		08910BE526F07B3100F18DAB /* FeedTableViewCell.xib in Resources */ = {isa = PBXBuildFile; fileRef = 08910BE326F07B3100F18DAB /* FeedTableViewCell.xib */; };
		08910BE726F1F03B00F18DAB /* ExploreCollectionViewCell.swift in Sources */ = {isa = PBXBuildFile; fileRef = 08910BE626F1F03B00F18DAB /* ExploreCollectionViewCell.swift */; };
		08910BE926F1F21300F18DAB /* SearchBarContainerView.swift in Sources */ = {isa = PBXBuildFile; fileRef = 08910BE826F1F21300F18DAB /* SearchBarContainerView.swift */; };
		08910BEB26F1F89A00F18DAB /* CollectionLayout.swift in Sources */ = {isa = PBXBuildFile; fileRef = 08910BEA26F1F89A00F18DAB /* CollectionLayout.swift */; };
		08910BEF26F2067200F18DAB /* PhotoLibraryViewController.swift in Sources */ = {isa = PBXBuildFile; fileRef = 08910BEE26F2067200F18DAB /* PhotoLibraryViewController.swift */; };
		08910BF126F2076300F18DAB /* CameraViewController.swift in Sources */ = {isa = PBXBuildFile; fileRef = 08910BF026F2076300F18DAB /* CameraViewController.swift */; };
		08910BF326F23F6400F18DAB /* TabBarDelegate.swift in Sources */ = {isa = PBXBuildFile; fileRef = 08910BF226F23F6400F18DAB /* TabBarDelegate.swift */; };
		08F6572426F7391B00B47C7B /* PostViewController.swift in Sources */ = {isa = PBXBuildFile; fileRef = 08F6572326F7391B00B47C7B /* PostViewController.swift */; };
		08F6572726F7393A00B47C7B /* PostTableViewCell.swift in Sources */ = {isa = PBXBuildFile; fileRef = 08F6572526F7393A00B47C7B /* PostTableViewCell.swift */; };
		08F6572826F7393A00B47C7B /* PostTableViewCell.xib in Resources */ = {isa = PBXBuildFile; fileRef = 08F6572626F7393A00B47C7B /* PostTableViewCell.xib */; };
		08F6572B26F73ACC00B47C7B /* CommentTableViewCell.xib in Resources */ = {isa = PBXBuildFile; fileRef = 08F6572926F73ACC00B47C7B /* CommentTableViewCell.xib */; };
		08F6572C26F73ACC00B47C7B /* CommentTableViewCell.swift in Sources */ = {isa = PBXBuildFile; fileRef = 08F6572A26F73ACC00B47C7B /* CommentTableViewCell.swift */; };
		08F6572E26F73CBF00B47C7B /* Post.storyboard in Resources */ = {isa = PBXBuildFile; fileRef = 08F6572D26F73CBF00B47C7B /* Post.storyboard */; };
		6D24F44D9EE75D6A54A7DC9D /* Pods_InstaClone.framework in Frameworks */ = {isa = PBXBuildFile; fileRef = 288ACFB1AECA0CF91D19BE8D /* Pods_InstaClone.framework */; };
/* End PBXBuildFile section */

/* Begin PBXFileReference section */
		0814A75A26EF863B0017D381 /* InstaClone.app */ = {isa = PBXFileReference; explicitFileType = wrapper.application; includeInIndex = 0; path = InstaClone.app; sourceTree = BUILT_PRODUCTS_DIR; };
		0814A75D26EF863B0017D381 /* AppDelegate.swift */ = {isa = PBXFileReference; lastKnownFileType = sourcecode.swift; path = AppDelegate.swift; sourceTree = "<group>"; };
		0814A76126EF863B0017D381 /* ViewController.swift */ = {isa = PBXFileReference; lastKnownFileType = sourcecode.swift; path = ViewController.swift; sourceTree = "<group>"; };
		0814A76626EF863C0017D381 /* Assets.xcassets */ = {isa = PBXFileReference; lastKnownFileType = folder.assetcatalog; path = Assets.xcassets; sourceTree = "<group>"; };
		0814A76926EF863C0017D381 /* Base */ = {isa = PBXFileReference; lastKnownFileType = file.storyboard; name = Base; path = Base.lproj/LaunchScreen.storyboard; sourceTree = "<group>"; };
		0814A76B26EF863C0017D381 /* Info.plist */ = {isa = PBXFileReference; lastKnownFileType = text.plist.xml; path = Info.plist; sourceTree = "<group>"; };
		0814A77226EF86520017D381 /* UserData.swift */ = {isa = PBXFileReference; fileEncoding = 4; lastKnownFileType = sourcecode.swift; path = UserData.swift; sourceTree = "<group>"; };
		0814A77326EF86520017D381 /* FeedData.swift */ = {isa = PBXFileReference; fileEncoding = 4; lastKnownFileType = sourcecode.swift; path = FeedData.swift; sourceTree = "<group>"; };
		0814A77426EF86520017D381 /* ActivityData.swift */ = {isa = PBXFileReference; fileEncoding = 4; lastKnownFileType = sourcecode.swift; path = ActivityData.swift; sourceTree = "<group>"; };
		0814A77726EF86520017D381 /* SimpleCameraProtocol.swift */ = {isa = PBXFileReference; fileEncoding = 4; lastKnownFileType = sourcecode.swift; path = SimpleCameraProtocol.swift; sourceTree = "<group>"; };
		0814A77826EF86520017D381 /* SimpleCameraView.swift */ = {isa = PBXFileReference; fileEncoding = 4; lastKnownFileType = sourcecode.swift; path = SimpleCameraView.swift; sourceTree = "<group>"; };
		0814A77926EF86520017D381 /* SimpleCamera.swift */ = {isa = PBXFileReference; fileEncoding = 4; lastKnownFileType = sourcecode.swift; path = SimpleCamera.swift; sourceTree = "<group>"; };
		0814A78126EF87990017D381 /* Home.storyboard */ = {isa = PBXFileReference; lastKnownFileType = file.storyboard; path = Home.storyboard; sourceTree = "<group>"; };
		0814A78326EF87B40017D381 /* Search.storyboard */ = {isa = PBXFileReference; lastKnownFileType = file.storyboard; path = Search.storyboard; sourceTree = "<group>"; };
		0814A78926EF87E40017D381 /* Activity.storyboard */ = {isa = PBXFileReference; lastKnownFileType = file.storyboard; path = Activity.storyboard; sourceTree = "<group>"; };
		0814A78C26EF88310017D381 /* HomeViewController.swift */ = {isa = PBXFileReference; lastKnownFileType = sourcecode.swift; path = HomeViewController.swift; sourceTree = "<group>"; };
		0814A78E26EF88400017D381 /* SearchViewController.swift */ = {isa = PBXFileReference; lastKnownFileType = sourcecode.swift; path = SearchViewController.swift; sourceTree = "<group>"; };
		0814A79026EF884C0017D381 /* NewPostViewController.swift */ = {isa = PBXFileReference; lastKnownFileType = sourcecode.swift; path = NewPostViewController.swift; sourceTree = "<group>"; };
		0814A79226EF88560017D381 /* ProfileViewController.swift */ = {isa = PBXFileReference; lastKnownFileType = sourcecode.swift; path = ProfileViewController.swift; sourceTree = "<group>"; };
		0814A79426EF88610017D381 /* ActivityViewController.swift */ = {isa = PBXFileReference; lastKnownFileType = sourcecode.swift; path = ActivityViewController.swift; sourceTree = "<group>"; };
		082AB72926F33C4200223945 /* PhotoCollectionViewCell.swift */ = {isa = PBXFileReference; lastKnownFileType = sourcecode.swift; path = PhotoCollectionViewCell.swift; sourceTree = "<group>"; };
		082AB72B26F34A2100223945 /* CustomSegmentedControl.swift */ = {isa = PBXFileReference; lastKnownFileType = sourcecode.swift; path = CustomSegmentedControl.swift; sourceTree = "<group>"; };
		082AB72D26F3544F00223945 /* ActivityTableViewCell.swift */ = {isa = PBXFileReference; lastKnownFileType = sourcecode.swift; path = ActivityTableViewCell.swift; sourceTree = "<group>"; };
		082AB72E26F3544F00223945 /* ActivityTableViewCell.xib */ = {isa = PBXFileReference; lastKnownFileType = file.xib; path = ActivityTableViewCell.xib; sourceTree = "<group>"; };
		082AB73326F3726000223945 /* ActivityView.swift */ = {isa = PBXFileReference; fileEncoding = 4; lastKnownFileType = sourcecode.swift; path = ActivityView.swift; sourceTree = "<group>"; };
		082AB73526F3727200223945 /* ActivityView.xib */ = {isa = PBXFileReference; lastKnownFileType = file.xib; path = ActivityView.xib; sourceTree = "<group>"; };
		082AB73726F39CBD00223945 /* GoogleService-Info.plist */ = {isa = PBXFileReference; fileEncoding = 4; lastKnownFileType = text.plist.xml; path = "GoogleService-Info.plist"; sourceTree = "<group>"; };
		082AB73926F3B28200223945 /* Profile.storyboard */ = {isa = PBXFileReference; fileEncoding = 4; lastKnownFileType = file.storyboard; path = Profile.storyboard; sourceTree = "<group>"; };
		082AB73B26F3B38F00223945 /* ProfileHeaderTableViewCell.swift */ = {isa = PBXFileReference; fileEncoding = 4; lastKnownFileType = sourcecode.swift; path = ProfileHeaderTableViewCell.swift; sourceTree = "<group>"; };
		082AB73C26F3B38F00223945 /* ProfileViewStyleTableViewCell.swift */ = {isa = PBXFileReference; fileEncoding = 4; lastKnownFileType = sourcecode.swift; path = ProfileViewStyleTableViewCell.swift; sourceTree = "<group>"; };
		082AB73F26F3C7CC00223945 /* Helper.swift */ = {isa = PBXFileReference; lastKnownFileType = sourcecode.swift; path = Helper.swift; sourceTree = "<group>"; };
		082AB74126F3C8DB00223945 /* Extension.swift */ = {isa = PBXFileReference; lastKnownFileType = sourcecode.swift; path = Extension.swift; sourceTree = "<group>"; };
		082AB74326F489CB00223945 /* LoginViewController.swift */ = {isa = PBXFileReference; fileEncoding = 4; lastKnownFileType = sourcecode.swift; path = LoginViewController.swift; sourceTree = "<group>"; };
		082AB74426F489CC00223945 /* SignupViewController.swift */ = {isa = PBXFileReference; fileEncoding = 4; lastKnownFileType = sourcecode.swift; path = SignupViewController.swift; sourceTree = "<group>"; };
		082AB74726F48A9400223945 /* AnimatedGradient.swift */ = {isa = PBXFileReference; fileEncoding = 4; lastKnownFileType = sourcecode.swift; path = AnimatedGradient.swift; sourceTree = "<group>"; };
		082AB74826F48A9400223945 /* Protocols.swift */ = {isa = PBXFileReference; fileEncoding = 4; lastKnownFileType = sourcecode.swift; path = Protocols.swift; sourceTree = "<group>"; };
		082AB74B26F48B0B00223945 /* Login.storyboard */ = {isa = PBXFileReference; fileEncoding = 4; lastKnownFileType = file.storyboard; path = Login.storyboard; sourceTree = "<group>"; };
		08421D4926F5B83D005700D4 /* NewPostPageViewController.swift */ = {isa = PBXFileReference; fileEncoding = 4; lastKnownFileType = sourcecode.swift; path = NewPostPageViewController.swift; sourceTree = "<group>"; };
		08421D4B26F5B8D0005700D4 /* CreatePostViewController.swift */ = {isa = PBXFileReference; fileEncoding = 4; lastKnownFileType = sourcecode.swift; path = CreatePostViewController.swift; sourceTree = "<group>"; };
		08421D4D26F5BAF3005700D4 /* NewPost.storyboard */ = {isa = PBXFileReference; fileEncoding = 4; lastKnownFileType = file.storyboard; path = NewPost.storyboard; sourceTree = "<group>"; };
		08421D4F26F6FFF1005700D4 /* LikesModel.swift */ = {isa = PBXFileReference; lastKnownFileType = sourcecode.swift; path = LikesModel.swift; sourceTree = "<group>"; };
		08910BDA26EFA8D800F18DAB /* StoriesTableViewCell.swift */ = {isa = PBXFileReference; lastKnownFileType = sourcecode.swift; path = StoriesTableViewCell.swift; sourceTree = "<group>"; };
		08910BDB26EFA8D800F18DAB /* StoriesTableViewCell.xib */ = {isa = PBXFileReference; lastKnownFileType = file.xib; path = StoriesTableViewCell.xib; sourceTree = "<group>"; };
		08910BDE26EFAA9600F18DAB /* StoryCollectionViewCell.swift */ = {isa = PBXFileReference; lastKnownFileType = sourcecode.swift; path = StoryCollectionViewCell.swift; sourceTree = "<group>"; };
		08910BDF26EFAA9600F18DAB /* StoryCollectionViewCell.xib */ = {isa = PBXFileReference; lastKnownFileType = file.xib; path = StoryCollectionViewCell.xib; sourceTree = "<group>"; };
		08910BE226F07B3100F18DAB /* FeedTableViewCell.swift */ = {isa = PBXFileReference; lastKnownFileType = sourcecode.swift; path = FeedTableViewCell.swift; sourceTree = "<group>"; };
		08910BE326F07B3100F18DAB /* FeedTableViewCell.xib */ = {isa = PBXFileReference; lastKnownFileType = file.xib; path = FeedTableViewCell.xib; sourceTree = "<group>"; };
		08910BE626F1F03B00F18DAB /* ExploreCollectionViewCell.swift */ = {isa = PBXFileReference; lastKnownFileType = sourcecode.swift; path = ExploreCollectionViewCell.swift; sourceTree = "<group>"; };
		08910BE826F1F21300F18DAB /* SearchBarContainerView.swift */ = {isa = PBXFileReference; lastKnownFileType = sourcecode.swift; path = SearchBarContainerView.swift; sourceTree = "<group>"; };
		08910BEA26F1F89A00F18DAB /* CollectionLayout.swift */ = {isa = PBXFileReference; fileEncoding = 4; lastKnownFileType = sourcecode.swift; path = CollectionLayout.swift; sourceTree = "<group>"; };
		08910BEE26F2067200F18DAB /* PhotoLibraryViewController.swift */ = {isa = PBXFileReference; lastKnownFileType = sourcecode.swift; path = PhotoLibraryViewController.swift; sourceTree = "<group>"; };
		08910BF026F2076300F18DAB /* CameraViewController.swift */ = {isa = PBXFileReference; lastKnownFileType = sourcecode.swift; path = CameraViewController.swift; sourceTree = "<group>"; };
		08910BF226F23F6400F18DAB /* TabBarDelegate.swift */ = {isa = PBXFileReference; lastKnownFileType = sourcecode.swift; path = TabBarDelegate.swift; sourceTree = "<group>"; };
		08F6572326F7391B00B47C7B /* PostViewController.swift */ = {isa = PBXFileReference; fileEncoding = 4; lastKnownFileType = sourcecode.swift; path = PostViewController.swift; sourceTree = "<group>"; };
		08F6572526F7393A00B47C7B /* PostTableViewCell.swift */ = {isa = PBXFileReference; fileEncoding = 4; lastKnownFileType = sourcecode.swift; path = PostTableViewCell.swift; sourceTree = "<group>"; };
		08F6572626F7393A00B47C7B /* PostTableViewCell.xib */ = {isa = PBXFileReference; fileEncoding = 4; lastKnownFileType = file.xib; path = PostTableViewCell.xib; sourceTree = "<group>"; };
		08F6572926F73ACC00B47C7B /* CommentTableViewCell.xib */ = {isa = PBXFileReference; fileEncoding = 4; lastKnownFileType = file.xib; path = CommentTableViewCell.xib; sourceTree = "<group>"; };
		08F6572A26F73ACC00B47C7B /* CommentTableViewCell.swift */ = {isa = PBXFileReference; fileEncoding = 4; lastKnownFileType = sourcecode.swift; path = CommentTableViewCell.swift; sourceTree = "<group>"; };
		08F6572D26F73CBF00B47C7B /* Post.storyboard */ = {isa = PBXFileReference; fileEncoding = 4; lastKnownFileType = file.storyboard; path = Post.storyboard; sourceTree = "<group>"; };
		288ACFB1AECA0CF91D19BE8D /* Pods_InstaClone.framework */ = {isa = PBXFileReference; explicitFileType = wrapper.framework; includeInIndex = 0; path = Pods_InstaClone.framework; sourceTree = BUILT_PRODUCTS_DIR; };
		50D1985D36D3547BC90169A9 /* Pods-InstaClone.debug.xcconfig */ = {isa = PBXFileReference; includeInIndex = 1; lastKnownFileType = text.xcconfig; name = "Pods-InstaClone.debug.xcconfig"; path = "Target Support Files/Pods-InstaClone/Pods-InstaClone.debug.xcconfig"; sourceTree = "<group>"; };
		A8F0EFB4D74A37E5C69F98FA /* Pods-InstaClone.release.xcconfig */ = {isa = PBXFileReference; includeInIndex = 1; lastKnownFileType = text.xcconfig; name = "Pods-InstaClone.release.xcconfig"; path = "Target Support Files/Pods-InstaClone/Pods-InstaClone.release.xcconfig"; sourceTree = "<group>"; };
/* End PBXFileReference section */

/* Begin PBXFrameworksBuildPhase section */
		0814A75726EF863B0017D381 /* Frameworks */ = {
			isa = PBXFrameworksBuildPhase;
			buildActionMask = 2147483647;
			files = (
				6D24F44D9EE75D6A54A7DC9D /* Pods_InstaClone.framework in Frameworks */,
			);
			runOnlyForDeploymentPostprocessing = 0;
		};
/* End PBXFrameworksBuildPhase section */

/* Begin PBXGroup section */
		0814A75126EF863B0017D381 = {
			isa = PBXGroup;
			children = (
				0814A75C26EF863B0017D381 /* InstaClone */,
				0814A75B26EF863B0017D381 /* Products */,
				BC5F61F50E6CF6D52A185C73 /* Pods */,
				87B5ABC1C880214DD743AC0C /* Frameworks */,
			);
			sourceTree = "<group>";
		};
		0814A75B26EF863B0017D381 /* Products */ = {
			isa = PBXGroup;
			children = (
				0814A75A26EF863B0017D381 /* InstaClone.app */,
			);
			name = Products;
			sourceTree = "<group>";
		};
		0814A75C26EF863B0017D381 /* InstaClone */ = {
			isa = PBXGroup;
			children = (
				082AB72B26F34A2100223945 /* CustomSegmentedControl.swift */,
				08910BEA26F1F89A00F18DAB /* CollectionLayout.swift */,
				08910BF226F23F6400F18DAB /* TabBarDelegate.swift */,
				082AB72926F33C4200223945 /* PhotoCollectionViewCell.swift */,
				08910BD726EFA87F00F18DAB /* Views */,
				0814A78B26EF88190017D381 /* ViewController */,
				0814A78026EF87850017D381 /* Storyboard */,
				0814A77126EF86520017D381 /* Data */,
				0814A77526EF86520017D381 /* Library */,
				0814A75D26EF863B0017D381 /* AppDelegate.swift */,
				0814A76126EF863B0017D381 /* ViewController.swift */,
				082AB74726F48A9400223945 /* AnimatedGradient.swift */,
				082AB74826F48A9400223945 /* Protocols.swift */,
				0814A76626EF863C0017D381 /* Assets.xcassets */,
				0814A76826EF863C0017D381 /* LaunchScreen.storyboard */,
				0814A76B26EF863C0017D381 /* Info.plist */,
				082AB73726F39CBD00223945 /* GoogleService-Info.plist */,
				082AB73F26F3C7CC00223945 /* Helper.swift */,
				082AB74126F3C8DB00223945 /* Extension.swift */,
			);
			path = InstaClone;
			sourceTree = "<group>";
		};
		0814A77126EF86520017D381 /* Data */ = {
			isa = PBXGroup;
			children = (
				0814A77226EF86520017D381 /* UserData.swift */,
				0814A77326EF86520017D381 /* FeedData.swift */,
				0814A77426EF86520017D381 /* ActivityData.swift */,
				08421D4F26F6FFF1005700D4 /* LikesModel.swift */,
			);
			path = Data;
			sourceTree = "<group>";
		};
		0814A77526EF86520017D381 /* Library */ = {
			isa = PBXGroup;
			children = (
				0814A77626EF86520017D381 /* SimpleCamera */,
			);
			path = Library;
			sourceTree = "<group>";
		};
		0814A77626EF86520017D381 /* SimpleCamera */ = {
			isa = PBXGroup;
			children = (
				0814A77726EF86520017D381 /* SimpleCameraProtocol.swift */,
				0814A77826EF86520017D381 /* SimpleCameraView.swift */,
				0814A77926EF86520017D381 /* SimpleCamera.swift */,
			);
			path = SimpleCamera;
			sourceTree = "<group>";
		};
		0814A78026EF87850017D381 /* Storyboard */ = {
			isa = PBXGroup;
			children = (
				082AB73926F3B28200223945 /* Profile.storyboard */,
				0814A78126EF87990017D381 /* Home.storyboard */,
				08421D4D26F5BAF3005700D4 /* NewPost.storyboard */,
				0814A78326EF87B40017D381 /* Search.storyboard */,
				0814A78926EF87E40017D381 /* Activity.storyboard */,
				08F6572D26F73CBF00B47C7B /* Post.storyboard */,
				082AB74B26F48B0B00223945 /* Login.storyboard */,
			);
			path = Storyboard;
			sourceTree = "<group>";
		};
		0814A78B26EF88190017D381 /* ViewController */ = {
			isa = PBXGroup;
			children = (
				08F6572326F7391B00B47C7B /* PostViewController.swift */,
				0814A78C26EF88310017D381 /* HomeViewController.swift */,
				0814A78E26EF88400017D381 /* SearchViewController.swift */,
				0814A79026EF884C0017D381 /* NewPostViewController.swift */,
				08421D4926F5B83D005700D4 /* NewPostPageViewController.swift */,
				0814A79226EF88560017D381 /* ProfileViewController.swift */,
				0814A79426EF88610017D381 /* ActivityViewController.swift */,
				082AB74326F489CB00223945 /* LoginViewController.swift */,
				082AB74426F489CC00223945 /* SignupViewController.swift */,
				08910BEE26F2067200F18DAB /* PhotoLibraryViewController.swift */,
				08910BF026F2076300F18DAB /* CameraViewController.swift */,
				08421D4B26F5B8D0005700D4 /* CreatePostViewController.swift */,
			);
			path = ViewController;
			sourceTree = "<group>";
		};
		08910BD726EFA87F00F18DAB /* Views */ = {
			isa = PBXGroup;
			children = (
				08F6572526F7393A00B47C7B /* PostTableViewCell.swift */,
				08F6572626F7393A00B47C7B /* PostTableViewCell.xib */,
				082AB73326F3726000223945 /* ActivityView.swift */,
				08910BDA26EFA8D800F18DAB /* StoriesTableViewCell.swift */,
				08910BDB26EFA8D800F18DAB /* StoriesTableViewCell.xib */,
				08910BDE26EFAA9600F18DAB /* StoryCollectionViewCell.swift */,
				08910BDF26EFAA9600F18DAB /* StoryCollectionViewCell.xib */,
				08910BE226F07B3100F18DAB /* FeedTableViewCell.swift */,
				08910BE326F07B3100F18DAB /* FeedTableViewCell.xib */,
				08910BE626F1F03B00F18DAB /* ExploreCollectionViewCell.swift */,
				08910BE826F1F21300F18DAB /* SearchBarContainerView.swift */,
				082AB72D26F3544F00223945 /* ActivityTableViewCell.swift */,
				082AB72E26F3544F00223945 /* ActivityTableViewCell.xib */,
				082AB73526F3727200223945 /* ActivityView.xib */,
				082AB73B26F3B38F00223945 /* ProfileHeaderTableViewCell.swift */,
				082AB73C26F3B38F00223945 /* ProfileViewStyleTableViewCell.swift */,
				08F6572A26F73ACC00B47C7B /* CommentTableViewCell.swift */,
				08F6572926F73ACC00B47C7B /* CommentTableViewCell.xib */,
			);
			path = Views;
			sourceTree = "<group>";
		};
		87B5ABC1C880214DD743AC0C /* Frameworks */ = {
			isa = PBXGroup;
			children = (
				288ACFB1AECA0CF91D19BE8D /* Pods_InstaClone.framework */,
			);
			name = Frameworks;
			sourceTree = "<group>";
		};
		BC5F61F50E6CF6D52A185C73 /* Pods */ = {
			isa = PBXGroup;
			children = (
				50D1985D36D3547BC90169A9 /* Pods-InstaClone.debug.xcconfig */,
				A8F0EFB4D74A37E5C69F98FA /* Pods-InstaClone.release.xcconfig */,
			);
			path = Pods;
			sourceTree = "<group>";
		};
/* End PBXGroup section */

/* Begin PBXNativeTarget section */
		0814A75926EF863B0017D381 /* InstaClone */ = {
			isa = PBXNativeTarget;
			buildConfigurationList = 0814A76E26EF863C0017D381 /* Build configuration list for PBXNativeTarget "InstaClone" */;
			buildPhases = (
				2D80D8B32700E85D6BA8E56E /* [CP] Check Pods Manifest.lock */,
				0814A75626EF863B0017D381 /* Sources */,
				0814A75726EF863B0017D381 /* Frameworks */,
				0814A75826EF863B0017D381 /* Resources */,
				97579F6240EC642211D882B2 /* [CP] Embed Pods Frameworks */,
			);
			buildRules = (
			);
			dependencies = (
			);
			name = InstaClone;
			productName = InstaClone;
			productReference = 0814A75A26EF863B0017D381 /* InstaClone.app */;
			productType = "com.apple.product-type.application";
		};
/* End PBXNativeTarget section */

/* Begin PBXProject section */
		0814A75226EF863B0017D381 /* Project object */ = {
			isa = PBXProject;
			attributes = {
				LastSwiftUpdateCheck = 1250;
				LastUpgradeCheck = 1250;
				TargetAttributes = {
					0814A75926EF863B0017D381 = {
						CreatedOnToolsVersion = 12.5.1;
					};
				};
			};
			buildConfigurationList = 0814A75526EF863B0017D381 /* Build configuration list for PBXProject "InstaClone" */;
			compatibilityVersion = "Xcode 9.3";
			developmentRegion = en;
			hasScannedForEncodings = 0;
			knownRegions = (
				en,
				Base,
			);
			mainGroup = 0814A75126EF863B0017D381;
			productRefGroup = 0814A75B26EF863B0017D381 /* Products */;
			projectDirPath = "";
			projectRoot = "";
			targets = (
				0814A75926EF863B0017D381 /* InstaClone */,
			);
		};
/* End PBXProject section */

/* Begin PBXResourcesBuildPhase section */
		0814A75826EF863B0017D381 /* Resources */ = {
			isa = PBXResourcesBuildPhase;
			buildActionMask = 2147483647;
			files = (
				082AB73826F39CBD00223945 /* GoogleService-Info.plist in Resources */,
				082AB73626F3727200223945 /* ActivityView.xib in Resources */,
				082AB74C26F48B0B00223945 /* Login.storyboard in Resources */,
				08910BE526F07B3100F18DAB /* FeedTableViewCell.xib in Resources */,
				0814A76A26EF863C0017D381 /* LaunchScreen.storyboard in Resources */,
				082AB73A26F3B28200223945 /* Profile.storyboard in Resources */,
				08F6572826F7393A00B47C7B /* PostTableViewCell.xib in Resources */,
				0814A76726EF863C0017D381 /* Assets.xcassets in Resources */,
				08910BE126EFAA9600F18DAB /* StoryCollectionViewCell.xib in Resources */,
				0814A78A26EF87E40017D381 /* Activity.storyboard in Resources */,
				08910BDD26EFA8D800F18DAB /* StoriesTableViewCell.xib in Resources */,
				082AB73026F3544F00223945 /* ActivityTableViewCell.xib in Resources */,
				08421D4E26F5BAF3005700D4 /* NewPost.storyboard in Resources */,
				0814A78426EF87B40017D381 /* Search.storyboard in Resources */,
				0814A78226EF87990017D381 /* Home.storyboard in Resources */,
				08F6572E26F73CBF00B47C7B /* Post.storyboard in Resources */,
				08F6572B26F73ACC00B47C7B /* CommentTableViewCell.xib in Resources */,
			);
			runOnlyForDeploymentPostprocessing = 0;
		};
/* End PBXResourcesBuildPhase section */

/* Begin PBXShellScriptBuildPhase section */
		2D80D8B32700E85D6BA8E56E /* [CP] Check Pods Manifest.lock */ = {
			isa = PBXShellScriptBuildPhase;
			buildActionMask = 2147483647;
			files = (
			);
			inputFileListPaths = (
			);
			inputPaths = (
				"${PODS_PODFILE_DIR_PATH}/Podfile.lock",
				"${PODS_ROOT}/Manifest.lock",
			);
			name = "[CP] Check Pods Manifest.lock";
			outputFileListPaths = (
			);
			outputPaths = (
				"$(DERIVED_FILE_DIR)/Pods-InstaClone-checkManifestLockResult.txt",
			);
			runOnlyForDeploymentPostprocessing = 0;
			shellPath = /bin/sh;
			shellScript = "diff \"${PODS_PODFILE_DIR_PATH}/Podfile.lock\" \"${PODS_ROOT}/Manifest.lock\" > /dev/null\nif [ $? != 0 ] ; then\n    # print error to STDERR\n    echo \"error: The sandbox is not in sync with the Podfile.lock. Run 'pod install' or update your CocoaPods installation.\" >&2\n    exit 1\nfi\n# This output is used by Xcode 'outputs' to avoid re-running this script phase.\necho \"SUCCESS\" > \"${SCRIPT_OUTPUT_FILE_0}\"\n";
			showEnvVarsInLog = 0;
		};
		97579F6240EC642211D882B2 /* [CP] Embed Pods Frameworks */ = {
			isa = PBXShellScriptBuildPhase;
			buildActionMask = 2147483647;
			files = (
			);
			inputFileListPaths = (
				"${PODS_ROOT}/Target Support Files/Pods-InstaClone/Pods-InstaClone-frameworks-${CONFIGURATION}-input-files.xcfilelist",
			);
			name = "[CP] Embed Pods Frameworks";
			outputFileListPaths = (
				"${PODS_ROOT}/Target Support Files/Pods-InstaClone/Pods-InstaClone-frameworks-${CONFIGURATION}-output-files.xcfilelist",
			);
			runOnlyForDeploymentPostprocessing = 0;
			shellPath = /bin/sh;
			shellScript = "\"${PODS_ROOT}/Target Support Files/Pods-InstaClone/Pods-InstaClone-frameworks.sh\"\n";
			showEnvVarsInLog = 0;
		};
/* End PBXShellScriptBuildPhase section */

/* Begin PBXSourcesBuildPhase section */
		0814A75626EF863B0017D381 /* Sources */ = {
			isa = PBXSourcesBuildPhase;
			buildActionMask = 2147483647;
			files = (
				0814A77C26EF86520017D381 /* ActivityData.swift in Sources */,
				0814A78F26EF88400017D381 /* SearchViewController.swift in Sources */,
				08F6572726F7393A00B47C7B /* PostTableViewCell.swift in Sources */,
				0814A77D26EF86520017D381 /* SimpleCameraProtocol.swift in Sources */,
				0814A76226EF863B0017D381 /* ViewController.swift in Sources */,
				0814A77B26EF86520017D381 /* FeedData.swift in Sources */,
				08910BF326F23F6400F18DAB /* TabBarDelegate.swift in Sources */,
				08910BEF26F2067200F18DAB /* PhotoLibraryViewController.swift in Sources */,
				082AB74226F3C8DB00223945 /* Extension.swift in Sources */,
				0814A79126EF884C0017D381 /* NewPostViewController.swift in Sources */,
				08910BE926F1F21300F18DAB /* SearchBarContainerView.swift in Sources */,
				08421D4A26F5B83D005700D4 /* NewPostPageViewController.swift in Sources */,
				0814A77F26EF86520017D381 /* SimpleCamera.swift in Sources */,
				08F6572426F7391B00B47C7B /* PostViewController.swift in Sources */,
				0814A78D26EF88310017D381 /* HomeViewController.swift in Sources */,
				082AB74526F489CC00223945 /* LoginViewController.swift in Sources */,
				0814A75E26EF863B0017D381 /* AppDelegate.swift in Sources */,
				082AB74926F48A9400223945 /* AnimatedGradient.swift in Sources */,
				082AB72F26F3544F00223945 /* ActivityTableViewCell.swift in Sources */,
				08910BF126F2076300F18DAB /* CameraViewController.swift in Sources */,
				082AB73E26F3B38F00223945 /* ProfileViewStyleTableViewCell.swift in Sources */,
				082AB73426F3726000223945 /* ActivityView.swift in Sources */,
				082AB74026F3C7CC00223945 /* Helper.swift in Sources */,
				08910BE426F07B3100F18DAB /* FeedTableViewCell.swift in Sources */,
				0814A77A26EF86520017D381 /* UserData.swift in Sources */,
				08421D5026F6FFF1005700D4 /* LikesModel.swift in Sources */,
				08910BE026EFAA9600F18DAB /* StoryCollectionViewCell.swift in Sources */,
				08F6572C26F73ACC00B47C7B /* CommentTableViewCell.swift in Sources */,
				082AB72A26F33C4200223945 /* PhotoCollectionViewCell.swift in Sources */,
				082AB74626F489CC00223945 /* SignupViewController.swift in Sources */,
				0814A79326EF88560017D381 /* ProfileViewController.swift in Sources */,
				08910BEB26F1F89A00F18DAB /* CollectionLayout.swift in Sources */,
				08910BE726F1F03B00F18DAB /* ExploreCollectionViewCell.swift in Sources */,
				0814A79526EF88610017D381 /* ActivityViewController.swift in Sources */,
				082AB74A26F48A9400223945 /* Protocols.swift in Sources */,
				082AB73D26F3B38F00223945 /* ProfileHeaderTableViewCell.swift in Sources */,
				0814A77E26EF86520017D381 /* SimpleCameraView.swift in Sources */,
				082AB72C26F34A2100223945 /* CustomSegmentedControl.swift in Sources */,
				08421D4C26F5B8D0005700D4 /* CreatePostViewController.swift in Sources */,
				08910BDC26EFA8D800F18DAB /* StoriesTableViewCell.swift in Sources */,
			);
			runOnlyForDeploymentPostprocessing = 0;
		};
/* End PBXSourcesBuildPhase section */

/* Begin PBXVariantGroup section */
		0814A76826EF863C0017D381 /* LaunchScreen.storyboard */ = {
			isa = PBXVariantGroup;
			children = (
				0814A76926EF863C0017D381 /* Base */,
			);
			name = LaunchScreen.storyboard;
			sourceTree = "<group>";
		};
/* End PBXVariantGroup section */

/* Begin XCBuildConfiguration section */
		0814A76C26EF863C0017D381 /* Debug */ = {
			isa = XCBuildConfiguration;
			buildSettings = {
				ALWAYS_SEARCH_USER_PATHS = NO;
				CLANG_ANALYZER_NONNULL = YES;
				CLANG_ANALYZER_NUMBER_OBJECT_CONVERSION = YES_AGGRESSIVE;
				CLANG_CXX_LANGUAGE_STANDARD = "gnu++14";
				CLANG_CXX_LIBRARY = "libc++";
				CLANG_ENABLE_MODULES = YES;
				CLANG_ENABLE_OBJC_ARC = YES;
				CLANG_ENABLE_OBJC_WEAK = YES;
				CLANG_WARN_BLOCK_CAPTURE_AUTORELEASING = YES;
				CLANG_WARN_BOOL_CONVERSION = YES;
				CLANG_WARN_COMMA = YES;
				CLANG_WARN_CONSTANT_CONVERSION = YES;
				CLANG_WARN_DEPRECATED_OBJC_IMPLEMENTATIONS = YES;
				CLANG_WARN_DIRECT_OBJC_ISA_USAGE = YES_ERROR;
				CLANG_WARN_DOCUMENTATION_COMMENTS = YES;
				CLANG_WARN_EMPTY_BODY = YES;
				CLANG_WARN_ENUM_CONVERSION = YES;
				CLANG_WARN_INFINITE_RECURSION = YES;
				CLANG_WARN_INT_CONVERSION = YES;
				CLANG_WARN_NON_LITERAL_NULL_CONVERSION = YES;
				CLANG_WARN_OBJC_IMPLICIT_RETAIN_SELF = YES;
				CLANG_WARN_OBJC_LITERAL_CONVERSION = YES;
				CLANG_WARN_OBJC_ROOT_CLASS = YES_ERROR;
				CLANG_WARN_QUOTED_INCLUDE_IN_FRAMEWORK_HEADER = YES;
				CLANG_WARN_RANGE_LOOP_ANALYSIS = YES;
				CLANG_WARN_STRICT_PROTOTYPES = YES;
				CLANG_WARN_SUSPICIOUS_MOVE = YES;
				CLANG_WARN_UNGUARDED_AVAILABILITY = YES_AGGRESSIVE;
				CLANG_WARN_UNREACHABLE_CODE = YES;
				CLANG_WARN__DUPLICATE_METHOD_MATCH = YES;
				COPY_PHASE_STRIP = NO;
				DEBUG_INFORMATION_FORMAT = dwarf;
				ENABLE_STRICT_OBJC_MSGSEND = YES;
				ENABLE_TESTABILITY = YES;
				GCC_C_LANGUAGE_STANDARD = gnu11;
				GCC_DYNAMIC_NO_PIC = NO;
				GCC_NO_COMMON_BLOCKS = YES;
				GCC_OPTIMIZATION_LEVEL = 0;
				GCC_PREPROCESSOR_DEFINITIONS = (
					"DEBUG=1",
					"$(inherited)",
				);
				GCC_WARN_64_TO_32_BIT_CONVERSION = YES;
				GCC_WARN_ABOUT_RETURN_TYPE = YES_ERROR;
				GCC_WARN_UNDECLARED_SELECTOR = YES;
				GCC_WARN_UNINITIALIZED_AUTOS = YES_AGGRESSIVE;
				GCC_WARN_UNUSED_FUNCTION = YES;
				GCC_WARN_UNUSED_VARIABLE = YES;
				IPHONEOS_DEPLOYMENT_TARGET = 14.5;
				MTL_ENABLE_DEBUG_INFO = INCLUDE_SOURCE;
				MTL_FAST_MATH = YES;
				ONLY_ACTIVE_ARCH = YES;
				SDKROOT = iphoneos;
				SWIFT_ACTIVE_COMPILATION_CONDITIONS = DEBUG;
				SWIFT_OPTIMIZATION_LEVEL = "-Onone";
			};
			name = Debug;
		};
		0814A76D26EF863C0017D381 /* Release */ = {
			isa = XCBuildConfiguration;
			buildSettings = {
				ALWAYS_SEARCH_USER_PATHS = NO;
				CLANG_ANALYZER_NONNULL = YES;
				CLANG_ANALYZER_NUMBER_OBJECT_CONVERSION = YES_AGGRESSIVE;
				CLANG_CXX_LANGUAGE_STANDARD = "gnu++14";
				CLANG_CXX_LIBRARY = "libc++";
				CLANG_ENABLE_MODULES = YES;
				CLANG_ENABLE_OBJC_ARC = YES;
				CLANG_ENABLE_OBJC_WEAK = YES;
				CLANG_WARN_BLOCK_CAPTURE_AUTORELEASING = YES;
				CLANG_WARN_BOOL_CONVERSION = YES;
				CLANG_WARN_COMMA = YES;
				CLANG_WARN_CONSTANT_CONVERSION = YES;
				CLANG_WARN_DEPRECATED_OBJC_IMPLEMENTATIONS = YES;
				CLANG_WARN_DIRECT_OBJC_ISA_USAGE = YES_ERROR;
				CLANG_WARN_DOCUMENTATION_COMMENTS = YES;
				CLANG_WARN_EMPTY_BODY = YES;
				CLANG_WARN_ENUM_CONVERSION = YES;
				CLANG_WARN_INFINITE_RECURSION = YES;
				CLANG_WARN_INT_CONVERSION = YES;
				CLANG_WARN_NON_LITERAL_NULL_CONVERSION = YES;
				CLANG_WARN_OBJC_IMPLICIT_RETAIN_SELF = YES;
				CLANG_WARN_OBJC_LITERAL_CONVERSION = YES;
				CLANG_WARN_OBJC_ROOT_CLASS = YES_ERROR;
				CLANG_WARN_QUOTED_INCLUDE_IN_FRAMEWORK_HEADER = YES;
				CLANG_WARN_RANGE_LOOP_ANALYSIS = YES;
				CLANG_WARN_STRICT_PROTOTYPES = YES;
				CLANG_WARN_SUSPICIOUS_MOVE = YES;
				CLANG_WARN_UNGUARDED_AVAILABILITY = YES_AGGRESSIVE;
				CLANG_WARN_UNREACHABLE_CODE = YES;
				CLANG_WARN__DUPLICATE_METHOD_MATCH = YES;
				COPY_PHASE_STRIP = NO;
				DEBUG_INFORMATION_FORMAT = "dwarf-with-dsym";
				ENABLE_NS_ASSERTIONS = NO;
				ENABLE_STRICT_OBJC_MSGSEND = YES;
				GCC_C_LANGUAGE_STANDARD = gnu11;
				GCC_NO_COMMON_BLOCKS = YES;
				GCC_WARN_64_TO_32_BIT_CONVERSION = YES;
				GCC_WARN_ABOUT_RETURN_TYPE = YES_ERROR;
				GCC_WARN_UNDECLARED_SELECTOR = YES;
				GCC_WARN_UNINITIALIZED_AUTOS = YES_AGGRESSIVE;
				GCC_WARN_UNUSED_FUNCTION = YES;
				GCC_WARN_UNUSED_VARIABLE = YES;
				IPHONEOS_DEPLOYMENT_TARGET = 14.5;
				MTL_ENABLE_DEBUG_INFO = NO;
				MTL_FAST_MATH = YES;
				SDKROOT = iphoneos;
				SWIFT_COMPILATION_MODE = wholemodule;
				SWIFT_OPTIMIZATION_LEVEL = "-O";
				VALIDATE_PRODUCT = YES;
			};
			name = Release;
		};
		0814A76F26EF863C0017D381 /* Debug */ = {
			isa = XCBuildConfiguration;
			baseConfigurationReference = 50D1985D36D3547BC90169A9 /* Pods-InstaClone.debug.xcconfig */;
			buildSettings = {
				ASSETCATALOG_COMPILER_APPICON_NAME = AppIcon;
				ASSETCATALOG_COMPILER_GLOBAL_ACCENT_COLOR_NAME = AccentColor;
				CODE_SIGN_STYLE = Automatic;
				DEVELOPMENT_TEAM = 7D74M9YZKJ;
				INFOPLIST_FILE = InstaClone/Info.plist;
				LD_RUNPATH_SEARCH_PATHS = (
					"$(inherited)",
					"@executable_path/Frameworks",
				);
				PRODUCT_BUNDLE_IDENTIFIER = ru.windwail.InstaClone;
				PRODUCT_NAME = "$(TARGET_NAME)";
				SWIFT_VERSION = 5.0;
				TARGETED_DEVICE_FAMILY = "1,2";
			};
			name = Debug;
		};
		0814A77026EF863C0017D381 /* Release */ = {
			isa = XCBuildConfiguration;
			baseConfigurationReference = A8F0EFB4D74A37E5C69F98FA /* Pods-InstaClone.release.xcconfig */;
			buildSettings = {
				ASSETCATALOG_COMPILER_APPICON_NAME = AppIcon;
				ASSETCATALOG_COMPILER_GLOBAL_ACCENT_COLOR_NAME = AccentColor;
				CODE_SIGN_STYLE = Automatic;
				DEVELOPMENT_TEAM = 7D74M9YZKJ;
				INFOPLIST_FILE = InstaClone/Info.plist;
				LD_RUNPATH_SEARCH_PATHS = (
					"$(inherited)",
					"@executable_path/Frameworks",
				);
				PRODUCT_BUNDLE_IDENTIFIER = ru.windwail.InstaClone;
				PRODUCT_NAME = "$(TARGET_NAME)";
				SWIFT_VERSION = 5.0;
				TARGETED_DEVICE_FAMILY = "1,2";
			};
			name = Release;
		};
/* End XCBuildConfiguration section */

/* Begin XCConfigurationList section */
		0814A75526EF863B0017D381 /* Build configuration list for PBXProject "InstaClone" */ = {
			isa = XCConfigurationList;
			buildConfigurations = (
				0814A76C26EF863C0017D381 /* Debug */,
				0814A76D26EF863C0017D381 /* Release */,
			);
			defaultConfigurationIsVisible = 0;
			defaultConfigurationName = Release;
		};
		0814A76E26EF863C0017D381 /* Build configuration list for PBXNativeTarget "InstaClone" */ = {
			isa = XCConfigurationList;
			buildConfigurations = (
				0814A76F26EF863C0017D381 /* Debug */,
				0814A77026EF863C0017D381 /* Release */,
			);
			defaultConfigurationIsVisible = 0;
			defaultConfigurationName = Release;
		};
/* End XCConfigurationList section */
	};
	rootObject = 0814A75226EF863B0017D381 /* Project object */;
}
